
Microsoft Visual Studio Solution File, Format Version 12.00
# Visual Studio Version 16
VisualStudioVersion = 16.0.30907.101
MinimumVisualStudioVersion = 10.0.40219.1
Project("{FAE04EC0-301F-11D3-BF4B-00C04F79EFBC}") = "QuanLyDiemHocSinh", "QuanLyDiemHocSinh\QuanLyDiemHocSinh.csproj", "{EEFA16DE-600E-4B5F-B8F5-3F27AA28ED67}"
EndProject
Global
	GlobalSection(SolutionConfigurationPlatforms) = preSolution
		Debug|Any CPU = Debug|Any CPU
		Release|Any CPU = Release|Any CPU
	EndGlobalSection
	GlobalSection(ProjectConfigurationPlatforms) = postSolution
		{EEFA16DE-600E-4B5F-B8F5-3F27AA28ED67}.Debug|Any CPU.ActiveCfg = Debug|Any CPU
		{EEFA16DE-600E-4B5F-B8F5-3F27AA28ED67}.Debug|Any CPU.Build.0 = Debug|Any CPU
		{EEFA16DE-600E-4B5F-B8F5-3F27AA28ED67}.Release|Any CPU.ActiveCfg = Release|Any CPU
		{EEFA16DE-600E-4B5F-B8F5-3F27AA28ED67}.Release|Any CPU.Build.0 = Release|Any CPU
	EndGlobalSection
	GlobalSection(SolutionProperties) = preSolution
		HideSolutionNode = FALSE
	EndGlobalSection
	GlobalSection(ExtensibilityGlobals) = postSolution
		SolutionGuid = {46642C43-E448-44A6-9056-BAF4314A7AFE}
	EndGlobalSection
EndGlobal
